
Microsoft Visual Studio Solution File, Format Version 12.00
# Visual Studio Version 17
VisualStudioVersion = 17.0.32112.339
MinimumVisualStudioVersion = 10.0.40219.1
Project("{9A19103F-16F7-4668-BE54-9A1E7A4F7556}") = "FoodDeliveryService.APIGateway", "FoodDeliveryService.APIGateway\FoodDeliveryService.APIGateway.csproj", "{32114609-5234-4284-9658-47B5CCA7DE50}"
EndProject
Project("{2150E333-8FDC-42A3-9474-1A3956D46DE8}") = "ComponentTests", "ComponentTests", "{F111A0DB-E4C1-43EB-A5AD-42E49DF5E801}"
EndProject
Project("{9A19103F-16F7-4668-BE54-9A1E7A4F7556}") = "FoodDeliveryService.APIGateway.ComponentTests", "FoodDeliveryService.APIGateway.ComponentTests\FoodDeliveryService.APIGateway.ComponentTests.csproj", "{B4284490-5FF1-465E-A918-ACBE061EB2DB}"
EndProject
Project("{2150E333-8FDC-42A3-9474-1A3956D46DE8}") = "OrderService", "OrderService", "{F803C1B4-80E9-4EC6-9FE3-12AE97E08D22}"
EndProject
Project("{9A19103F-16F7-4668-BE54-9A1E7A4F7556}") = "OrderService.Domain", "OrderService.Domain\OrderService.Domain.csproj", "{12E66A9E-C00C-4244-84EC-A2AC435A5CD0}"
EndProject
Project("{2150E333-8FDC-42A3-9474-1A3956D46DE8}") = "Core", "Core", "{8CC8448B-C5A6-4835-9E23-F0197E683505}"
EndProject
Project("{9A19103F-16F7-4668-BE54-9A1E7A4F7556}") = "FoodDeliveryService.Messaging", "FoodDeliveryService.Messaging\FoodDeliveryService.Messaging.csproj", "{ECF9707F-C42C-42B4-A404-41CEB36A6680}"
EndProject
Project("{2150E333-8FDC-42A3-9474-1A3956D46DE8}") = "Messaging", "Messaging", "{E389419A-455D-420C-A463-8B1FA7B848AC}"
EndProject
Project("{9A19103F-16F7-4668-BE54-9A1E7A4F7556}") = "FoodDeliveryService.Messaging.RabbitMQ", "FoodDeliveryService.Messaging.RabbitMQ\FoodDeliveryService.Messaging.RabbitMQ.csproj", "{00E65E02-0F16-461B-B91E-E2C6DE935C26}"
EndProject
Project("{2150E333-8FDC-42A3-9474-1A3956D46DE8}") = "Tests", "Tests", "{538CC513-0553-480C-86D8-70337FE67BAD}"
EndProject
Project("{2150E333-8FDC-42A3-9474-1A3956D46DE8}") = "UnitTests", "UnitTests", "{26099CF6-4863-432B-9261-A30DDE5C52A7}"
EndProject
Project("{9A19103F-16F7-4668-BE54-9A1E7A4F7556}") = "OrderService.MessageBrokerListener", "OrderService.MessageBrokerListener\OrderService.MessageBrokerListener.csproj", "{68F276A8-79CA-4AE0-B614-5ACF6D17C7BF}"
EndProject
Project("{2150E333-8FDC-42A3-9474-1A3956D46DE8}") = "RestaurantService", "RestaurantService", "{337C2F79-886A-4D50-8868-F50B112F0175}"
EndProject
Project("{9A19103F-16F7-4668-BE54-9A1E7A4F7556}") = "RestaurantService.Domain", "RestaurantService.Domain\RestaurantService.Domain.csproj", "{5D7F58CD-C8AE-4773-B4A4-309E6DD3DE44}"
EndProject
Project("{9A19103F-16F7-4668-BE54-9A1E7A4F7556}") = "OrderService.Messages", "OrderService.MessageEnvelopeTypes\OrderService.Messages.csproj", "{2F93B9C7-DFB1-4470-BD7E-33E3EA0A5264}"
EndProject
Project("{2150E333-8FDC-42A3-9474-1A3956D46DE8}") = "Mappers", "Mappers", "{8E165531-92D7-4133-99A0-45845CE19744}"
EndProject
Project("{9A19103F-16F7-4668-BE54-9A1E7A4F7556}") = "FoodDeliveryService.Mappers", "FoodDeliveryService.Mappers\FoodDeliveryService.Mappers.csproj", "{FF898825-EEF7-4658-AF5C-1994188C9A3B}"
EndProject
Project("{9A19103F-16F7-4668-BE54-9A1E7A4F7556}") = "FoodDeliveryService.Messaging.AzureServiceBus", "FoodDeliveryService.Messaging.AzureServiceBus\FoodDeliveryService.Messaging.AzureServiceBus.csproj", "{B2181F32-6DFF-4625-A301-DCADD367E4F6}"
EndProject
Project("{9A19103F-16F7-4668-BE54-9A1E7A4F7556}") = "OrderService.DataAccess", "OrderService.DataAccess\OrderService.DataAccess.csproj", "{45EAD338-E649-4D59-8F2B-D686EFE433AA}"
EndProject
Project("{9A19103F-16F7-4668-BE54-9A1E7A4F7556}") = "FoodDeliveryService.DataAccess", "FoodDeliveryService.DataAccess\FoodDeliveryService.DataAccess.csproj", "{AEB900A9-EF1D-4530-987C-3EB3FF6A59C5}"
EndProject
Project("{2150E333-8FDC-42A3-9474-1A3956D46DE8}") = "DataAccess", "DataAccess", "{35504B68-EEE6-4708-A08F-5BF0FE0DF198}"
EndProject
Project("{2150E333-8FDC-42A3-9474-1A3956D46DE8}") = "Services", "Services", "{E486DF84-5ECF-42B2-B6EE-9C2C64A011DB}"
EndProject
Project("{9A19103F-16F7-4668-BE54-9A1E7A4F7556}") = "FoodDeliveryService.Services", "FoodDeliveryService.Services\FoodDeliveryService.Services.csproj", "{A9300148-F7C5-4170-840C-4C5B11BABFAC}"
EndProject
Project("{2150E333-8FDC-42A3-9474-1A3956D46DE8}") = "CustomerService", "CustomerService", "{E5B4B5D1-BFAF-4FF5-A1CB-9804332C3231}"
EndProject
Project("{2150E333-8FDC-42A3-9474-1A3956D46DE8}") = "DeliveryService", "DeliveryService", "{E32A2F55-E242-4DD6-A5D2-750983021F43}"
EndProject
Project("{2150E333-8FDC-42A3-9474-1A3956D46DE8}") = "AccountingService", "AccountingService", "{93DDBC01-D004-44F4-A260-E2BB71E1B9AC}"
EndProject
Project("{FAE04EC0-301F-11D3-BF4B-00C04F79EFBC}") = "RestaurantService.Messages", "RestaurantService.Messages\RestaurantService.Messages.csproj", "{BAD8B97F-7AAA-4DB5-8BA3-AFCA45FF6218}"
EndProject
Project("{FAE04EC0-301F-11D3-BF4B-00C04F79EFBC}") = "RestaurantService.MessageBrokerListener", "RestaurantService.MessageBrokerListener\RestaurantService.MessageBrokerListener.csproj", "{7E0675EC-474C-4BD4-9820-DD77BD1CEDB8}"
EndProject
Project("{FAE04EC0-301F-11D3-BF4B-00C04F79EFBC}") = "RestaurantService.DataAccess", "RestaurantService.DataAccess\RestaurantService.DataAccess.csproj", "{D1A4B052-603A-43E7-8C02-BAD167B09F20}"
EndProject
Project("{2150E333-8FDC-42A3-9474-1A3956D46DE8}") = "Services", "Services", "{8633E092-A9D7-4C9B-B731-B1153A64AC7B}"
EndProject
Project("{2150E333-8FDC-42A3-9474-1A3956D46DE8}") = "APIGateway", "APIGateway", "{03E4F748-90E5-4D8A-8650-F5D1BF4F48AA}"
EndProject
Project("{FAE04EC0-301F-11D3-BF4B-00C04F79EFBC}") = "FoodDeliveryService.DataAccess.Sql", "FoodDeliveryService.DataAccess.Sql\FoodDeliveryService.DataAccess.Sql.csproj", "{F91721F8-FDD2-4031-A883-B0766DC320E4}"
EndProject
Global
	GlobalSection(SolutionConfigurationPlatforms) = preSolution
		Debug|Any CPU = Debug|Any CPU
		Release|Any CPU = Release|Any CPU
	EndGlobalSection
	GlobalSection(ProjectConfigurationPlatforms) = postSolution
		{32114609-5234-4284-9658-47B5CCA7DE50}.Debug|Any CPU.ActiveCfg = Debug|Any CPU
		{32114609-5234-4284-9658-47B5CCA7DE50}.Debug|Any CPU.Build.0 = Debug|Any CPU
		{32114609-5234-4284-9658-47B5CCA7DE50}.Release|Any CPU.ActiveCfg = Release|Any CPU
		{32114609-5234-4284-9658-47B5CCA7DE50}.Release|Any CPU.Build.0 = Release|Any CPU
		{B4284490-5FF1-465E-A918-ACBE061EB2DB}.Debug|Any CPU.ActiveCfg = Debug|Any CPU
		{B4284490-5FF1-465E-A918-ACBE061EB2DB}.Debug|Any CPU.Build.0 = Debug|Any CPU
		{B4284490-5FF1-465E-A918-ACBE061EB2DB}.Release|Any CPU.ActiveCfg = Release|Any CPU
		{B4284490-5FF1-465E-A918-ACBE061EB2DB}.Release|Any CPU.Build.0 = Release|Any CPU
		{12E66A9E-C00C-4244-84EC-A2AC435A5CD0}.Debug|Any CPU.ActiveCfg = Debug|Any CPU
		{12E66A9E-C00C-4244-84EC-A2AC435A5CD0}.Debug|Any CPU.Build.0 = Debug|Any CPU
		{12E66A9E-C00C-4244-84EC-A2AC435A5CD0}.Release|Any CPU.ActiveCfg = Release|Any CPU
		{12E66A9E-C00C-4244-84EC-A2AC435A5CD0}.Release|Any CPU.Build.0 = Release|Any CPU
		{ECF9707F-C42C-42B4-A404-41CEB36A6680}.Debug|Any CPU.ActiveCfg = Debug|Any CPU
		{ECF9707F-C42C-42B4-A404-41CEB36A6680}.Debug|Any CPU.Build.0 = Debug|Any CPU
		{ECF9707F-C42C-42B4-A404-41CEB36A6680}.Release|Any CPU.ActiveCfg = Release|Any CPU
		{ECF9707F-C42C-42B4-A404-41CEB36A6680}.Release|Any CPU.Build.0 = Release|Any CPU
		{00E65E02-0F16-461B-B91E-E2C6DE935C26}.Debug|Any CPU.ActiveCfg = Debug|Any CPU
		{00E65E02-0F16-461B-B91E-E2C6DE935C26}.Debug|Any CPU.Build.0 = Debug|Any CPU
		{00E65E02-0F16-461B-B91E-E2C6DE935C26}.Release|Any CPU.ActiveCfg = Release|Any CPU
		{00E65E02-0F16-461B-B91E-E2C6DE935C26}.Release|Any CPU.Build.0 = Release|Any CPU
		{68F276A8-79CA-4AE0-B614-5ACF6D17C7BF}.Debug|Any CPU.ActiveCfg = Debug|Any CPU
		{68F276A8-79CA-4AE0-B614-5ACF6D17C7BF}.Debug|Any CPU.Build.0 = Debug|Any CPU
		{68F276A8-79CA-4AE0-B614-5ACF6D17C7BF}.Release|Any CPU.ActiveCfg = Release|Any CPU
		{68F276A8-79CA-4AE0-B614-5ACF6D17C7BF}.Release|Any CPU.Build.0 = Release|Any CPU
		{5D7F58CD-C8AE-4773-B4A4-309E6DD3DE44}.Debug|Any CPU.ActiveCfg = Debug|Any CPU
		{5D7F58CD-C8AE-4773-B4A4-309E6DD3DE44}.Debug|Any CPU.Build.0 = Debug|Any CPU
		{5D7F58CD-C8AE-4773-B4A4-309E6DD3DE44}.Release|Any CPU.ActiveCfg = Release|Any CPU
		{5D7F58CD-C8AE-4773-B4A4-309E6DD3DE44}.Release|Any CPU.Build.0 = Release|Any CPU
		{2F93B9C7-DFB1-4470-BD7E-33E3EA0A5264}.Debug|Any CPU.ActiveCfg = Debug|Any CPU
		{2F93B9C7-DFB1-4470-BD7E-33E3EA0A5264}.Debug|Any CPU.Build.0 = Debug|Any CPU
		{2F93B9C7-DFB1-4470-BD7E-33E3EA0A5264}.Release|Any CPU.ActiveCfg = Release|Any CPU
		{2F93B9C7-DFB1-4470-BD7E-33E3EA0A5264}.Release|Any CPU.Build.0 = Release|Any CPU
		{FF898825-EEF7-4658-AF5C-1994188C9A3B}.Debug|Any CPU.ActiveCfg = Debug|Any CPU
		{FF898825-EEF7-4658-AF5C-1994188C9A3B}.Debug|Any CPU.Build.0 = Debug|Any CPU
		{FF898825-EEF7-4658-AF5C-1994188C9A3B}.Release|Any CPU.ActiveCfg = Release|Any CPU
		{FF898825-EEF7-4658-AF5C-1994188C9A3B}.Release|Any CPU.Build.0 = Release|Any CPU
		{B2181F32-6DFF-4625-A301-DCADD367E4F6}.Debug|Any CPU.ActiveCfg = Debug|Any CPU
		{B2181F32-6DFF-4625-A301-DCADD367E4F6}.Debug|Any CPU.Build.0 = Debug|Any CPU
		{B2181F32-6DFF-4625-A301-DCADD367E4F6}.Release|Any CPU.ActiveCfg = Release|Any CPU
		{B2181F32-6DFF-4625-A301-DCADD367E4F6}.Release|Any CPU.Build.0 = Release|Any CPU
		{45EAD338-E649-4D59-8F2B-D686EFE433AA}.Debug|Any CPU.ActiveCfg = Debug|Any CPU
		{45EAD338-E649-4D59-8F2B-D686EFE433AA}.Debug|Any CPU.Build.0 = Debug|Any CPU
		{45EAD338-E649-4D59-8F2B-D686EFE433AA}.Release|Any CPU.ActiveCfg = Release|Any CPU
		{45EAD338-E649-4D59-8F2B-D686EFE433AA}.Release|Any CPU.Build.0 = Release|Any CPU
		{AEB900A9-EF1D-4530-987C-3EB3FF6A59C5}.Debug|Any CPU.ActiveCfg = Debug|Any CPU
		{AEB900A9-EF1D-4530-987C-3EB3FF6A59C5}.Debug|Any CPU.Build.0 = Debug|Any CPU
		{AEB900A9-EF1D-4530-987C-3EB3FF6A59C5}.Release|Any CPU.ActiveCfg = Release|Any CPU
		{AEB900A9-EF1D-4530-987C-3EB3FF6A59C5}.Release|Any CPU.Build.0 = Release|Any CPU
		{A9300148-F7C5-4170-840C-4C5B11BABFAC}.Debug|Any CPU.ActiveCfg = Debug|Any CPU
		{A9300148-F7C5-4170-840C-4C5B11BABFAC}.Debug|Any CPU.Build.0 = Debug|Any CPU
		{A9300148-F7C5-4170-840C-4C5B11BABFAC}.Release|Any CPU.ActiveCfg = Release|Any CPU
		{A9300148-F7C5-4170-840C-4C5B11BABFAC}.Release|Any CPU.Build.0 = Release|Any CPU
		{BAD8B97F-7AAA-4DB5-8BA3-AFCA45FF6218}.Debug|Any CPU.ActiveCfg = Debug|Any CPU
		{BAD8B97F-7AAA-4DB5-8BA3-AFCA45FF6218}.Debug|Any CPU.Build.0 = Debug|Any CPU
		{BAD8B97F-7AAA-4DB5-8BA3-AFCA45FF6218}.Release|Any CPU.ActiveCfg = Release|Any CPU
		{BAD8B97F-7AAA-4DB5-8BA3-AFCA45FF6218}.Release|Any CPU.Build.0 = Release|Any CPU
		{7E0675EC-474C-4BD4-9820-DD77BD1CEDB8}.Debug|Any CPU.ActiveCfg = Debug|Any CPU
		{7E0675EC-474C-4BD4-9820-DD77BD1CEDB8}.Debug|Any CPU.Build.0 = Debug|Any CPU
		{7E0675EC-474C-4BD4-9820-DD77BD1CEDB8}.Release|Any CPU.ActiveCfg = Release|Any CPU
		{7E0675EC-474C-4BD4-9820-DD77BD1CEDB8}.Release|Any CPU.Build.0 = Release|Any CPU
		{D1A4B052-603A-43E7-8C02-BAD167B09F20}.Debug|Any CPU.ActiveCfg = Debug|Any CPU
		{D1A4B052-603A-43E7-8C02-BAD167B09F20}.Debug|Any CPU.Build.0 = Debug|Any CPU
		{D1A4B052-603A-43E7-8C02-BAD167B09F20}.Release|Any CPU.ActiveCfg = Release|Any CPU
		{D1A4B052-603A-43E7-8C02-BAD167B09F20}.Release|Any CPU.Build.0 = Release|Any CPU
		{F91721F8-FDD2-4031-A883-B0766DC320E4}.Debug|Any CPU.ActiveCfg = Debug|Any CPU
		{F91721F8-FDD2-4031-A883-B0766DC320E4}.Debug|Any CPU.Build.0 = Debug|Any CPU
		{F91721F8-FDD2-4031-A883-B0766DC320E4}.Release|Any CPU.ActiveCfg = Release|Any CPU
		{F91721F8-FDD2-4031-A883-B0766DC320E4}.Release|Any CPU.Build.0 = Release|Any CPU
	EndGlobalSection
	GlobalSection(SolutionProperties) = preSolution
		HideSolutionNode = FALSE
	EndGlobalSection
	GlobalSection(NestedProjects) = preSolution
		{32114609-5234-4284-9658-47B5CCA7DE50} = {03E4F748-90E5-4D8A-8650-F5D1BF4F48AA}
		{F111A0DB-E4C1-43EB-A5AD-42E49DF5E801} = {538CC513-0553-480C-86D8-70337FE67BAD}
		{B4284490-5FF1-465E-A918-ACBE061EB2DB} = {F111A0DB-E4C1-43EB-A5AD-42E49DF5E801}
		{F803C1B4-80E9-4EC6-9FE3-12AE97E08D22} = {8633E092-A9D7-4C9B-B731-B1153A64AC7B}
		{12E66A9E-C00C-4244-84EC-A2AC435A5CD0} = {F803C1B4-80E9-4EC6-9FE3-12AE97E08D22}
		{ECF9707F-C42C-42B4-A404-41CEB36A6680} = {E389419A-455D-420C-A463-8B1FA7B848AC}
		{E389419A-455D-420C-A463-8B1FA7B848AC} = {8CC8448B-C5A6-4835-9E23-F0197E683505}
		{00E65E02-0F16-461B-B91E-E2C6DE935C26} = {E389419A-455D-420C-A463-8B1FA7B848AC}
		{26099CF6-4863-432B-9261-A30DDE5C52A7} = {538CC513-0553-480C-86D8-70337FE67BAD}
		{68F276A8-79CA-4AE0-B614-5ACF6D17C7BF} = {F803C1B4-80E9-4EC6-9FE3-12AE97E08D22}
		{337C2F79-886A-4D50-8868-F50B112F0175} = {8633E092-A9D7-4C9B-B731-B1153A64AC7B}
		{5D7F58CD-C8AE-4773-B4A4-309E6DD3DE44} = {337C2F79-886A-4D50-8868-F50B112F0175}
		{2F93B9C7-DFB1-4470-BD7E-33E3EA0A5264} = {F803C1B4-80E9-4EC6-9FE3-12AE97E08D22}
		{8E165531-92D7-4133-99A0-45845CE19744} = {8CC8448B-C5A6-4835-9E23-F0197E683505}
		{FF898825-EEF7-4658-AF5C-1994188C9A3B} = {8E165531-92D7-4133-99A0-45845CE19744}
		{B2181F32-6DFF-4625-A301-DCADD367E4F6} = {E389419A-455D-420C-A463-8B1FA7B848AC}
		{45EAD338-E649-4D59-8F2B-D686EFE433AA} = {F803C1B4-80E9-4EC6-9FE3-12AE97E08D22}
		{AEB900A9-EF1D-4530-987C-3EB3FF6A59C5} = {35504B68-EEE6-4708-A08F-5BF0FE0DF198}
		{35504B68-EEE6-4708-A08F-5BF0FE0DF198} = {8CC8448B-C5A6-4835-9E23-F0197E683505}
		{E486DF84-5ECF-42B2-B6EE-9C2C64A011DB} = {8CC8448B-C5A6-4835-9E23-F0197E683505}
		{A9300148-F7C5-4170-840C-4C5B11BABFAC} = {E486DF84-5ECF-42B2-B6EE-9C2C64A011DB}
		{E5B4B5D1-BFAF-4FF5-A1CB-9804332C3231} = {8633E092-A9D7-4C9B-B731-B1153A64AC7B}
		{E32A2F55-E242-4DD6-A5D2-750983021F43} = {8633E092-A9D7-4C9B-B731-B1153A64AC7B}
		{93DDBC01-D004-44F4-A260-E2BB71E1B9AC} = {8633E092-A9D7-4C9B-B731-B1153A64AC7B}
		{BAD8B97F-7AAA-4DB5-8BA3-AFCA45FF6218} = {337C2F79-886A-4D50-8868-F50B112F0175}
		{7E0675EC-474C-4BD4-9820-DD77BD1CEDB8} = {337C2F79-886A-4D50-8868-F50B112F0175}
		{D1A4B052-603A-43E7-8C02-BAD167B09F20} = {337C2F79-886A-4D50-8868-F50B112F0175}
		{F91721F8-FDD2-4031-A883-B0766DC320E4} = {35504B68-EEE6-4708-A08F-5BF0FE0DF198}
	EndGlobalSection
	GlobalSection(ExtensibilityGlobals) = postSolution
		SolutionGuid = {218CC091-D180-467F-8CA6-72B654287E49}
	EndGlobalSection
EndGlobal
