
Microsoft Visual Studio Solution File, Format Version 12.00
# Visual Studio Version 17
VisualStudioVersion = 17.0.32112.339
MinimumVisualStudioVersion = 10.0.40219.1
Project("{2150E333-8FDC-42A3-9474-1A3956D46DE8}") = "Core", "Core", "{EC46B377-4D49-44CE-94FF-291F9F14E971}"
EndProject
Project("{2150E333-8FDC-42A3-9474-1A3956D46DE8}") = "DataAccess", "DataAccess", "{6A28D346-952F-4E11-BB98-98FA1A444A49}"
EndProject
Project("{2150E333-8FDC-42A3-9474-1A3956D46DE8}") = "Messaging", "Messaging", "{05E818F8-FBCC-4CD8-A157-775AE4B64984}"
EndProject
Project("{9A19103F-16F7-4668-BE54-9A1E7A4F7556}") = "FoodDeliveryService.DataAccess", "Core\DataAccess\FoodDeliveryService.DataAccess\FoodDeliveryService.DataAccess.csproj", "{50396EF8-E479-454C-82E5-E35AE7181503}"
EndProject
Project("{9A19103F-16F7-4668-BE54-9A1E7A4F7556}") = "FoodDeliveryService.DataAccess.Sql", "Core\DataAccess\FoodDeliveryService.DataAccess.Sql\FoodDeliveryService.DataAccess.Sql.csproj", "{FAB6C983-0E74-4654-8B0C-3DFF12815E7A}"
EndProject
Project("{9A19103F-16F7-4668-BE54-9A1E7A4F7556}") = "FoodDeliveryService.Messaging", "Core\Messaging\FoodDeliveryService.Messaging\FoodDeliveryService.Messaging.csproj", "{645908B6-99FE-481B-83B0-06EAA63BF99F}"
EndProject
Project("{9A19103F-16F7-4668-BE54-9A1E7A4F7556}") = "FoodDeliveryService.Messaging.AzureServiceBus", "Core\Messaging\FoodDeliveryService.Messaging.AzureServiceBus\FoodDeliveryService.Messaging.AzureServiceBus.csproj", "{B41F10DD-9159-4C5C-8D81-63FE61B107FF}"
EndProject
Project("{9A19103F-16F7-4668-BE54-9A1E7A4F7556}") = "FoodDeliveryService.Messaging.RabbitMQ", "Core\Messaging\FoodDeliveryService.Messaging.RabbitMQ\FoodDeliveryService.Messaging.RabbitMQ.csproj", "{DE8E6D31-F2CC-40EF-82ED-BC9CB2B9BA40}"
EndProject
Project("{2150E333-8FDC-42A3-9474-1A3956D46DE8}") = "ApiGateway", "ApiGateway", "{54454869-17BA-4F5D-A6C3-1C6006A42131}"
EndProject
Project("{9A19103F-16F7-4668-BE54-9A1E7A4F7556}") = "FoodDeliveryService.APIGateway", "APIGateway\FoodDeliveryService.APIGateway\FoodDeliveryService.APIGateway.csproj", "{4558862F-962A-4230-947C-61CCF5235C69}"
EndProject
Project("{2150E333-8FDC-42A3-9474-1A3956D46DE8}") = "Tests", "Tests", "{F391A5F2-6038-468F-B297-02B31BCFF568}"
EndProject
Project("{2150E333-8FDC-42A3-9474-1A3956D46DE8}") = "ComponentTests", "ComponentTests", "{FEA268BE-E4CA-4F10-B78E-B416D4BE4830}"
EndProject
Project("{2150E333-8FDC-42A3-9474-1A3956D46DE8}") = "UnitTests", "UnitTests", "{2FA71DA6-34C0-4519-8970-8892F908F8F1}"
EndProject
Project("{9A19103F-16F7-4668-BE54-9A1E7A4F7556}") = "FoodDeliveryService.APIGateway.ComponentTests", "Tests\ComponentTests\FoodDeliveryService.APIGateway.ComponentTests\FoodDeliveryService.APIGateway.ComponentTests.csproj", "{0CAD3CE8-5F60-481C-A2CC-6ECA523D15ED}"
EndProject
Project("{2150E333-8FDC-42A3-9474-1A3956D46DE8}") = "OrderService", "OrderService", "{6C196B52-EC76-4564-B79A-4025F3DEF6A7}"
EndProject
Project("{9A19103F-16F7-4668-BE54-9A1E7A4F7556}") = "OrderService.DataAccess", "OrderService\OrderService.DataAccess\OrderService.DataAccess.csproj", "{99CB950C-57DE-457A-B5C6-1940CBE54C5F}"
EndProject
Project("{9A19103F-16F7-4668-BE54-9A1E7A4F7556}") = "OrderService.Domain", "OrderService\OrderService.Domain\OrderService.Domain.csproj", "{226EEFB6-5BF7-463A-B868-CA920F3C834E}"
EndProject
Project("{9A19103F-16F7-4668-BE54-9A1E7A4F7556}") = "OrderService.DTO", "OrderService\OrderService.DTO\OrderService.DTO.csproj", "{E1F87FC2-E09D-45E7-8CE4-2023EFE9AB43}"
EndProject
Project("{9A19103F-16F7-4668-BE54-9A1E7A4F7556}") = "OrderService.MessageBrokerListener", "OrderService\OrderService.MessageBrokerListener\OrderService.MessageBrokerListener.csproj", "{54DB761D-AB05-45A8-97D5-4BF68818EDDC}"
EndProject
Project("{9A19103F-16F7-4668-BE54-9A1E7A4F7556}") = "OrderService.Proxy", "OrderService\OrderService.Proxy\OrderService.Proxy.csproj", "{37A1D022-286B-42FF-AEA6-54E951F07B24}"
EndProject
Project("{2150E333-8FDC-42A3-9474-1A3956D46DE8}") = "RestaurantService", "RestaurantService", "{85EC7E0B-BF62-495B-AE77-F00E71EBB30A}"
EndProject
Project("{9A19103F-16F7-4668-BE54-9A1E7A4F7556}") = "RestaurantService.DataAccess", "RestaurantService\RestaurantService.DataAccess\RestaurantService.DataAccess.csproj", "{CCC2F5A3-897F-4F8E-A273-7200162F8AE0}"
EndProject
Project("{9A19103F-16F7-4668-BE54-9A1E7A4F7556}") = "RestaurantService.Domain", "RestaurantService\RestaurantService.Domain\RestaurantService.Domain.csproj", "{5A5A7F10-5663-4FB9-8C39-E8381ABD9405}"
EndProject
Project("{9A19103F-16F7-4668-BE54-9A1E7A4F7556}") = "RestaurantService.DTO", "RestaurantService\RestaurantService.DTO\RestaurantService.DTO.csproj", "{0D671023-B948-4EA8-A557-8CC8F4EAE60E}"
EndProject
Project("{9A19103F-16F7-4668-BE54-9A1E7A4F7556}") = "RestaurantService.MessageBrokerListener", "RestaurantService\RestaurantService.MessageBrokerListener\RestaurantService.MessageBrokerListener.csproj", "{0E368307-2158-4ADC-A5D9-88D438C04DB3}"
EndProject
Project("{9A19103F-16F7-4668-BE54-9A1E7A4F7556}") = "RestaurantService.Proxy", "RestaurantService\RestaurantService.Proxy\RestaurantService.Proxy.csproj", "{260A1A30-B522-4BD3-AC93-0A534F00D169}"
EndProject
Project("{2150E333-8FDC-42A3-9474-1A3956D46DE8}") = "Helpers", "Helpers", "{89609963-9255-4240-9747-BA7B1DA0AF1A}"
EndProject
Project("{9A19103F-16F7-4668-BE54-9A1E7A4F7556}") = "FoodDeliveryService.Mappers", "Core\Helpers\FoodDeliveryService.Mappers\FoodDeliveryService.Mappers.csproj", "{EC1DB5E2-4491-4B25-998E-4579B30135BA}"
EndProject
Project("{9A19103F-16F7-4668-BE54-9A1E7A4F7556}") = "FoodDeliveryService.MessageHandling", "Core\Helpers\FoodDeliveryService.MessageHandling\FoodDeliveryService.MessageHandling.csproj", "{BDF09219-CEB6-4D89-B431-ADFAF310A3D2}"
EndProject
Project("{9A19103F-16F7-4668-BE54-9A1E7A4F7556}") = "FoodDeliveryService.Services", "Core\Helpers\FoodDeliveryService.Services\FoodDeliveryService.Services.csproj", "{381BBE52-3509-46B1-AFDB-210E23370C97}"
EndProject
Project("{9A19103F-16F7-4668-BE54-9A1E7A4F7556}") = "RestaurantService.Domain.UnitTests", "RestaurantService.Domain.UnitTests\RestaurantService.Domain.UnitTests.csproj", "{BD944F9A-8C03-42DB-BBF4-7225D15E3E00}"
EndProject
Project("{9A19103F-16F7-4668-BE54-9A1E7A4F7556}") = "FoodDeliveryService.Messaging.MessageOutboxClient", "FoodDeliveryService.Messaging.MessageOutboxDecorator\FoodDeliveryService.Messaging.MessageOutboxClient.csproj", "{54CD7F88-C2A0-4EC7-BD4D-E04EEC1335D8}"
EndProject
Project("{FAE04EC0-301F-11D3-BF4B-00C04F79EFBC}") = "FoodDeliveryService.DataAccess.MessageOutbox", "FoodDeliveryService.DataAccess.MessageOutbox\FoodDeliveryService.DataAccess.MessageOutbox.csproj", "{11717A4E-4D10-460D-853F-220F2519D013}"
EndProject
Global
	GlobalSection(SolutionConfigurationPlatforms) = preSolution
		Debug|Any CPU = Debug|Any CPU
		Release|Any CPU = Release|Any CPU
	EndGlobalSection
	GlobalSection(ProjectConfigurationPlatforms) = postSolution
		{50396EF8-E479-454C-82E5-E35AE7181503}.Debug|Any CPU.ActiveCfg = Debug|Any CPU
		{50396EF8-E479-454C-82E5-E35AE7181503}.Debug|Any CPU.Build.0 = Debug|Any CPU
		{50396EF8-E479-454C-82E5-E35AE7181503}.Release|Any CPU.ActiveCfg = Release|Any CPU
		{50396EF8-E479-454C-82E5-E35AE7181503}.Release|Any CPU.Build.0 = Release|Any CPU
		{FAB6C983-0E74-4654-8B0C-3DFF12815E7A}.Debug|Any CPU.ActiveCfg = Debug|Any CPU
		{FAB6C983-0E74-4654-8B0C-3DFF12815E7A}.Debug|Any CPU.Build.0 = Debug|Any CPU
		{FAB6C983-0E74-4654-8B0C-3DFF12815E7A}.Release|Any CPU.ActiveCfg = Release|Any CPU
		{FAB6C983-0E74-4654-8B0C-3DFF12815E7A}.Release|Any CPU.Build.0 = Release|Any CPU
		{645908B6-99FE-481B-83B0-06EAA63BF99F}.Debug|Any CPU.ActiveCfg = Debug|Any CPU
		{645908B6-99FE-481B-83B0-06EAA63BF99F}.Debug|Any CPU.Build.0 = Debug|Any CPU
		{645908B6-99FE-481B-83B0-06EAA63BF99F}.Release|Any CPU.ActiveCfg = Release|Any CPU
		{645908B6-99FE-481B-83B0-06EAA63BF99F}.Release|Any CPU.Build.0 = Release|Any CPU
		{B41F10DD-9159-4C5C-8D81-63FE61B107FF}.Debug|Any CPU.ActiveCfg = Debug|Any CPU
		{B41F10DD-9159-4C5C-8D81-63FE61B107FF}.Debug|Any CPU.Build.0 = Debug|Any CPU
		{B41F10DD-9159-4C5C-8D81-63FE61B107FF}.Release|Any CPU.ActiveCfg = Release|Any CPU
		{B41F10DD-9159-4C5C-8D81-63FE61B107FF}.Release|Any CPU.Build.0 = Release|Any CPU
		{DE8E6D31-F2CC-40EF-82ED-BC9CB2B9BA40}.Debug|Any CPU.ActiveCfg = Debug|Any CPU
		{DE8E6D31-F2CC-40EF-82ED-BC9CB2B9BA40}.Debug|Any CPU.Build.0 = Debug|Any CPU
		{DE8E6D31-F2CC-40EF-82ED-BC9CB2B9BA40}.Release|Any CPU.ActiveCfg = Release|Any CPU
		{DE8E6D31-F2CC-40EF-82ED-BC9CB2B9BA40}.Release|Any CPU.Build.0 = Release|Any CPU
		{4558862F-962A-4230-947C-61CCF5235C69}.Debug|Any CPU.ActiveCfg = Debug|Any CPU
		{4558862F-962A-4230-947C-61CCF5235C69}.Debug|Any CPU.Build.0 = Debug|Any CPU
		{4558862F-962A-4230-947C-61CCF5235C69}.Release|Any CPU.ActiveCfg = Release|Any CPU
		{4558862F-962A-4230-947C-61CCF5235C69}.Release|Any CPU.Build.0 = Release|Any CPU
		{0CAD3CE8-5F60-481C-A2CC-6ECA523D15ED}.Debug|Any CPU.ActiveCfg = Debug|Any CPU
		{0CAD3CE8-5F60-481C-A2CC-6ECA523D15ED}.Debug|Any CPU.Build.0 = Debug|Any CPU
		{0CAD3CE8-5F60-481C-A2CC-6ECA523D15ED}.Release|Any CPU.ActiveCfg = Release|Any CPU
		{0CAD3CE8-5F60-481C-A2CC-6ECA523D15ED}.Release|Any CPU.Build.0 = Release|Any CPU
		{99CB950C-57DE-457A-B5C6-1940CBE54C5F}.Debug|Any CPU.ActiveCfg = Debug|Any CPU
		{99CB950C-57DE-457A-B5C6-1940CBE54C5F}.Debug|Any CPU.Build.0 = Debug|Any CPU
		{99CB950C-57DE-457A-B5C6-1940CBE54C5F}.Release|Any CPU.ActiveCfg = Release|Any CPU
		{99CB950C-57DE-457A-B5C6-1940CBE54C5F}.Release|Any CPU.Build.0 = Release|Any CPU
		{226EEFB6-5BF7-463A-B868-CA920F3C834E}.Debug|Any CPU.ActiveCfg = Debug|Any CPU
		{226EEFB6-5BF7-463A-B868-CA920F3C834E}.Debug|Any CPU.Build.0 = Debug|Any CPU
		{226EEFB6-5BF7-463A-B868-CA920F3C834E}.Release|Any CPU.ActiveCfg = Release|Any CPU
		{226EEFB6-5BF7-463A-B868-CA920F3C834E}.Release|Any CPU.Build.0 = Release|Any CPU
		{E1F87FC2-E09D-45E7-8CE4-2023EFE9AB43}.Debug|Any CPU.ActiveCfg = Debug|Any CPU
		{E1F87FC2-E09D-45E7-8CE4-2023EFE9AB43}.Debug|Any CPU.Build.0 = Debug|Any CPU
		{E1F87FC2-E09D-45E7-8CE4-2023EFE9AB43}.Release|Any CPU.ActiveCfg = Release|Any CPU
		{E1F87FC2-E09D-45E7-8CE4-2023EFE9AB43}.Release|Any CPU.Build.0 = Release|Any CPU
		{54DB761D-AB05-45A8-97D5-4BF68818EDDC}.Debug|Any CPU.ActiveCfg = Debug|Any CPU
		{54DB761D-AB05-45A8-97D5-4BF68818EDDC}.Debug|Any CPU.Build.0 = Debug|Any CPU
		{54DB761D-AB05-45A8-97D5-4BF68818EDDC}.Release|Any CPU.ActiveCfg = Release|Any CPU
		{54DB761D-AB05-45A8-97D5-4BF68818EDDC}.Release|Any CPU.Build.0 = Release|Any CPU
		{37A1D022-286B-42FF-AEA6-54E951F07B24}.Debug|Any CPU.ActiveCfg = Debug|Any CPU
		{37A1D022-286B-42FF-AEA6-54E951F07B24}.Debug|Any CPU.Build.0 = Debug|Any CPU
		{37A1D022-286B-42FF-AEA6-54E951F07B24}.Release|Any CPU.ActiveCfg = Release|Any CPU
		{37A1D022-286B-42FF-AEA6-54E951F07B24}.Release|Any CPU.Build.0 = Release|Any CPU
		{CCC2F5A3-897F-4F8E-A273-7200162F8AE0}.Debug|Any CPU.ActiveCfg = Debug|Any CPU
		{CCC2F5A3-897F-4F8E-A273-7200162F8AE0}.Debug|Any CPU.Build.0 = Debug|Any CPU
		{CCC2F5A3-897F-4F8E-A273-7200162F8AE0}.Release|Any CPU.ActiveCfg = Release|Any CPU
		{CCC2F5A3-897F-4F8E-A273-7200162F8AE0}.Release|Any CPU.Build.0 = Release|Any CPU
		{5A5A7F10-5663-4FB9-8C39-E8381ABD9405}.Debug|Any CPU.ActiveCfg = Debug|Any CPU
		{5A5A7F10-5663-4FB9-8C39-E8381ABD9405}.Debug|Any CPU.Build.0 = Debug|Any CPU
		{5A5A7F10-5663-4FB9-8C39-E8381ABD9405}.Release|Any CPU.ActiveCfg = Release|Any CPU
		{5A5A7F10-5663-4FB9-8C39-E8381ABD9405}.Release|Any CPU.Build.0 = Release|Any CPU
		{0D671023-B948-4EA8-A557-8CC8F4EAE60E}.Debug|Any CPU.ActiveCfg = Debug|Any CPU
		{0D671023-B948-4EA8-A557-8CC8F4EAE60E}.Debug|Any CPU.Build.0 = Debug|Any CPU
		{0D671023-B948-4EA8-A557-8CC8F4EAE60E}.Release|Any CPU.ActiveCfg = Release|Any CPU
		{0D671023-B948-4EA8-A557-8CC8F4EAE60E}.Release|Any CPU.Build.0 = Release|Any CPU
		{0E368307-2158-4ADC-A5D9-88D438C04DB3}.Debug|Any CPU.ActiveCfg = Debug|Any CPU
		{0E368307-2158-4ADC-A5D9-88D438C04DB3}.Debug|Any CPU.Build.0 = Debug|Any CPU
		{0E368307-2158-4ADC-A5D9-88D438C04DB3}.Release|Any CPU.ActiveCfg = Release|Any CPU
		{0E368307-2158-4ADC-A5D9-88D438C04DB3}.Release|Any CPU.Build.0 = Release|Any CPU
		{260A1A30-B522-4BD3-AC93-0A534F00D169}.Debug|Any CPU.ActiveCfg = Debug|Any CPU
		{260A1A30-B522-4BD3-AC93-0A534F00D169}.Debug|Any CPU.Build.0 = Debug|Any CPU
		{260A1A30-B522-4BD3-AC93-0A534F00D169}.Release|Any CPU.ActiveCfg = Release|Any CPU
		{260A1A30-B522-4BD3-AC93-0A534F00D169}.Release|Any CPU.Build.0 = Release|Any CPU
		{EC1DB5E2-4491-4B25-998E-4579B30135BA}.Debug|Any CPU.ActiveCfg = Debug|Any CPU
		{EC1DB5E2-4491-4B25-998E-4579B30135BA}.Debug|Any CPU.Build.0 = Debug|Any CPU
		{EC1DB5E2-4491-4B25-998E-4579B30135BA}.Release|Any CPU.ActiveCfg = Release|Any CPU
		{EC1DB5E2-4491-4B25-998E-4579B30135BA}.Release|Any CPU.Build.0 = Release|Any CPU
		{BDF09219-CEB6-4D89-B431-ADFAF310A3D2}.Debug|Any CPU.ActiveCfg = Debug|Any CPU
		{BDF09219-CEB6-4D89-B431-ADFAF310A3D2}.Debug|Any CPU.Build.0 = Debug|Any CPU
		{BDF09219-CEB6-4D89-B431-ADFAF310A3D2}.Release|Any CPU.ActiveCfg = Release|Any CPU
		{BDF09219-CEB6-4D89-B431-ADFAF310A3D2}.Release|Any CPU.Build.0 = Release|Any CPU
		{381BBE52-3509-46B1-AFDB-210E23370C97}.Debug|Any CPU.ActiveCfg = Debug|Any CPU
		{381BBE52-3509-46B1-AFDB-210E23370C97}.Debug|Any CPU.Build.0 = Debug|Any CPU
		{381BBE52-3509-46B1-AFDB-210E23370C97}.Release|Any CPU.ActiveCfg = Release|Any CPU
		{381BBE52-3509-46B1-AFDB-210E23370C97}.Release|Any CPU.Build.0 = Release|Any CPU
		{BD944F9A-8C03-42DB-BBF4-7225D15E3E00}.Debug|Any CPU.ActiveCfg = Debug|Any CPU
		{BD944F9A-8C03-42DB-BBF4-7225D15E3E00}.Debug|Any CPU.Build.0 = Debug|Any CPU
		{BD944F9A-8C03-42DB-BBF4-7225D15E3E00}.Release|Any CPU.ActiveCfg = Release|Any CPU
		{BD944F9A-8C03-42DB-BBF4-7225D15E3E00}.Release|Any CPU.Build.0 = Release|Any CPU
		{54CD7F88-C2A0-4EC7-BD4D-E04EEC1335D8}.Debug|Any CPU.ActiveCfg = Debug|Any CPU
		{54CD7F88-C2A0-4EC7-BD4D-E04EEC1335D8}.Debug|Any CPU.Build.0 = Debug|Any CPU
		{54CD7F88-C2A0-4EC7-BD4D-E04EEC1335D8}.Release|Any CPU.ActiveCfg = Release|Any CPU
		{54CD7F88-C2A0-4EC7-BD4D-E04EEC1335D8}.Release|Any CPU.Build.0 = Release|Any CPU
		{11717A4E-4D10-460D-853F-220F2519D013}.Debug|Any CPU.ActiveCfg = Debug|Any CPU
		{11717A4E-4D10-460D-853F-220F2519D013}.Debug|Any CPU.Build.0 = Debug|Any CPU
		{11717A4E-4D10-460D-853F-220F2519D013}.Release|Any CPU.ActiveCfg = Release|Any CPU
		{11717A4E-4D10-460D-853F-220F2519D013}.Release|Any CPU.Build.0 = Release|Any CPU
	EndGlobalSection
	GlobalSection(SolutionProperties) = preSolution
		HideSolutionNode = FALSE
	EndGlobalSection
	GlobalSection(NestedProjects) = preSolution
		{6A28D346-952F-4E11-BB98-98FA1A444A49} = {EC46B377-4D49-44CE-94FF-291F9F14E971}
		{05E818F8-FBCC-4CD8-A157-775AE4B64984} = {EC46B377-4D49-44CE-94FF-291F9F14E971}
		{50396EF8-E479-454C-82E5-E35AE7181503} = {6A28D346-952F-4E11-BB98-98FA1A444A49}
		{FAB6C983-0E74-4654-8B0C-3DFF12815E7A} = {6A28D346-952F-4E11-BB98-98FA1A444A49}
		{645908B6-99FE-481B-83B0-06EAA63BF99F} = {05E818F8-FBCC-4CD8-A157-775AE4B64984}
		{B41F10DD-9159-4C5C-8D81-63FE61B107FF} = {05E818F8-FBCC-4CD8-A157-775AE4B64984}
		{DE8E6D31-F2CC-40EF-82ED-BC9CB2B9BA40} = {05E818F8-FBCC-4CD8-A157-775AE4B64984}
		{4558862F-962A-4230-947C-61CCF5235C69} = {54454869-17BA-4F5D-A6C3-1C6006A42131}
		{FEA268BE-E4CA-4F10-B78E-B416D4BE4830} = {F391A5F2-6038-468F-B297-02B31BCFF568}
		{2FA71DA6-34C0-4519-8970-8892F908F8F1} = {F391A5F2-6038-468F-B297-02B31BCFF568}
		{0CAD3CE8-5F60-481C-A2CC-6ECA523D15ED} = {FEA268BE-E4CA-4F10-B78E-B416D4BE4830}
		{99CB950C-57DE-457A-B5C6-1940CBE54C5F} = {6C196B52-EC76-4564-B79A-4025F3DEF6A7}
		{226EEFB6-5BF7-463A-B868-CA920F3C834E} = {6C196B52-EC76-4564-B79A-4025F3DEF6A7}
		{E1F87FC2-E09D-45E7-8CE4-2023EFE9AB43} = {6C196B52-EC76-4564-B79A-4025F3DEF6A7}
		{54DB761D-AB05-45A8-97D5-4BF68818EDDC} = {6C196B52-EC76-4564-B79A-4025F3DEF6A7}
		{37A1D022-286B-42FF-AEA6-54E951F07B24} = {6C196B52-EC76-4564-B79A-4025F3DEF6A7}
		{CCC2F5A3-897F-4F8E-A273-7200162F8AE0} = {85EC7E0B-BF62-495B-AE77-F00E71EBB30A}
		{5A5A7F10-5663-4FB9-8C39-E8381ABD9405} = {85EC7E0B-BF62-495B-AE77-F00E71EBB30A}
		{0D671023-B948-4EA8-A557-8CC8F4EAE60E} = {85EC7E0B-BF62-495B-AE77-F00E71EBB30A}
		{0E368307-2158-4ADC-A5D9-88D438C04DB3} = {85EC7E0B-BF62-495B-AE77-F00E71EBB30A}
		{260A1A30-B522-4BD3-AC93-0A534F00D169} = {85EC7E0B-BF62-495B-AE77-F00E71EBB30A}
		{89609963-9255-4240-9747-BA7B1DA0AF1A} = {EC46B377-4D49-44CE-94FF-291F9F14E971}
		{EC1DB5E2-4491-4B25-998E-4579B30135BA} = {89609963-9255-4240-9747-BA7B1DA0AF1A}
		{BDF09219-CEB6-4D89-B431-ADFAF310A3D2} = {89609963-9255-4240-9747-BA7B1DA0AF1A}
		{381BBE52-3509-46B1-AFDB-210E23370C97} = {89609963-9255-4240-9747-BA7B1DA0AF1A}
		{BD944F9A-8C03-42DB-BBF4-7225D15E3E00} = {2FA71DA6-34C0-4519-8970-8892F908F8F1}
		{54CD7F88-C2A0-4EC7-BD4D-E04EEC1335D8} = {05E818F8-FBCC-4CD8-A157-775AE4B64984}
		{11717A4E-4D10-460D-853F-220F2519D013} = {6A28D346-952F-4E11-BB98-98FA1A444A49}
	EndGlobalSection
	GlobalSection(ExtensibilityGlobals) = postSolution
		SolutionGuid = {218CC091-D180-467F-8CA6-72B654287E49}
	EndGlobalSection
EndGlobal
